
Microsoft Visual Studio Solution File, Format Version 12.00
# Visual Studio Version 16
VisualStudioVersion = 16.0.31129.286
MinimumVisualStudioVersion = 10.0.40219.1
Project("{FAE04EC0-301F-11D3-BF4B-00C04F79EFBC}") = "Laboratorio13", "Laboratorio13\Laboratorio13.csproj", "{DA551C5B-9A9D-47E7-BBB8-4B21D653393B}"
EndProject
Global
	GlobalSection(SolutionConfigurationPlatforms) = preSolution
		Debug|Any CPU = Debug|Any CPU
		Release|Any CPU = Release|Any CPU
	EndGlobalSection
	GlobalSection(ProjectConfigurationPlatforms) = postSolution
		{DA551C5B-9A9D-47E7-BBB8-4B21D653393B}.Debug|Any CPU.ActiveCfg = Debug|Any CPU
		{DA551C5B-9A9D-47E7-BBB8-4B21D653393B}.Debug|Any CPU.Build.0 = Debug|Any CPU
		{DA551C5B-9A9D-47E7-BBB8-4B21D653393B}.Release|Any CPU.ActiveCfg = Release|Any CPU
		{DA551C5B-9A9D-47E7-BBB8-4B21D653393B}.Release|Any CPU.Build.0 = Release|Any CPU
	EndGlobalSection
	GlobalSection(SolutionProperties) = preSolution
		HideSolutionNode = FALSE
	EndGlobalSection
	GlobalSection(ExtensibilityGlobals) = postSolution
		SolutionGuid = {6F6F252F-FB62-4301-8AE5-CCA0E861DEA4}
	EndGlobalSection
EndGlobal
